
Microsoft Visual Studio Solution File, Format Version 12.00
# Visual Studio Version 17
VisualStudioVersion = 17.9.34622.214
MinimumVisualStudioVersion = 10.0.40219.1
Project("{9A19103F-16F7-4668-BE54-9A1E7A4F7556}") = "ClinicManagementWebApp.Server", "ClinicManagementWebApp.Server\ClinicManagementWebApp.Server.csproj", "{5E7CBBB6-B06D-480B-ADB0-5B440B955AA7}"
EndProject
Project("{54A90642-561A-4BB1-A94E-469ADEE60C69}") = "ClinicManagementWebApp.Client", "clinicmanagementwebapp.client\ClinicManagementWebApp.Client.esproj", "{342AE954-0515-4F0D-AB9A-19768A337F88}"
EndProject
Project("{9A19103F-16F7-4668-BE54-9A1E7A4F7556}") = "ClinicManagementWebApp.Tests", "ClinicManagementWebApp.Tests\ClinicManagementWebApp.Tests.csproj", "{A91E922C-8DC6-4130-BD42-F8ED866B69C4}"
EndProject
Global
	GlobalSection(SolutionConfigurationPlatforms) = preSolution
		Debug|Any CPU = Debug|Any CPU
		Release|Any CPU = Release|Any CPU
	EndGlobalSection
	GlobalSection(ProjectConfigurationPlatforms) = postSolution
		{5E7CBBB6-B06D-480B-ADB0-5B440B955AA7}.Debug|Any CPU.ActiveCfg = Debug|Any CPU
		{5E7CBBB6-B06D-480B-ADB0-5B440B955AA7}.Debug|Any CPU.Build.0 = Debug|Any CPU
		{5E7CBBB6-B06D-480B-ADB0-5B440B955AA7}.Release|Any CPU.ActiveCfg = Release|Any CPU
		{5E7CBBB6-B06D-480B-ADB0-5B440B955AA7}.Release|Any CPU.Build.0 = Release|Any CPU
		{342AE954-0515-4F0D-AB9A-19768A337F88}.Debug|Any CPU.ActiveCfg = Debug|Any CPU
		{342AE954-0515-4F0D-AB9A-19768A337F88}.Debug|Any CPU.Build.0 = Debug|Any CPU
		{342AE954-0515-4F0D-AB9A-19768A337F88}.Debug|Any CPU.Deploy.0 = Debug|Any CPU
		{342AE954-0515-4F0D-AB9A-19768A337F88}.Release|Any CPU.ActiveCfg = Release|Any CPU
		{342AE954-0515-4F0D-AB9A-19768A337F88}.Release|Any CPU.Build.0 = Release|Any CPU
		{342AE954-0515-4F0D-AB9A-19768A337F88}.Release|Any CPU.Deploy.0 = Release|Any CPU
		{A91E922C-8DC6-4130-BD42-F8ED866B69C4}.Debug|Any CPU.ActiveCfg = Debug|Any CPU
		{A91E922C-8DC6-4130-BD42-F8ED866B69C4}.Debug|Any CPU.Build.0 = Debug|Any CPU
		{A91E922C-8DC6-4130-BD42-F8ED866B69C4}.Release|Any CPU.ActiveCfg = Release|Any CPU
		{A91E922C-8DC6-4130-BD42-F8ED866B69C4}.Release|Any CPU.Build.0 = Release|Any CPU
	EndGlobalSection
	GlobalSection(SolutionProperties) = preSolution
		HideSolutionNode = FALSE
	EndGlobalSection
	GlobalSection(ExtensibilityGlobals) = postSolution
		SolutionGuid = {1FB21435-79CD-4958-A209-4F4E195A74C5}
	EndGlobalSection
EndGlobal
